{
    "version": 3,
    "terraform_version": "0.12.31",
    "serial": 1,
    "lineage": "b95c036d-ef0a-c066-4917-be7a2d067f1c",
    "modules": [
        {
            "path": [
                "root"
            ],
            "outputs": {
                "google_compute_target_https_proxy_tfer--engineering-002D-handbook-002D-lb-002D-target-002D-proxy-002D-2_self_link": {
                    "sensitive": false,
                    "type": "string",
                    "value": "https://www.googleapis.com/compute/v1/projects/roi-takeoff-user95/global/targetHttpsProxies/engineering-handbook-lb-target-proxy-2"
                }
            },
            "resources": {
                "google_compute_target_https_proxy.tfer--engineering-002D-handbook-002D-lb-002D-target-002D-proxy-002D-2": {
                    "type": "google_compute_target_https_proxy",
                    "depends_on": [],
                    "primary": {
                        "id": "engineering-handbook-lb-target-proxy-2",
                        "attributes": {
                            "creation_timestamp": "2021-09-29T20:59:07.470-07:00",
                            "description": "",
                            "id": "engineering-handbook-lb-target-proxy-2",
                            "name": "engineering-handbook-lb-target-proxy-2",
                            "project": "roi-takeoff-user95",
                            "proxy_bind": "false",
                            "proxy_id": "8749266899670960356",
                            "quic_override": "NONE",
                            "self_link": "https://www.googleapis.com/compute/v1/projects/roi-takeoff-user95/global/targetHttpsProxies/engineering-handbook-lb-target-proxy-2",
                            "ssl_certificates.#": "1",
                            "ssl_certificates.0": "https://www.googleapis.com/compute/v1/projects/roi-takeoff-user95/global/sslCertificates/engineering-handbook",
                            "ssl_policy": "https://www.googleapis.com/compute/v1/projects/roi-takeoff-user95/global/sslPolicies/engineering-handbook-ssl-policy",
                            "url_map": "https://www.googleapis.com/compute/v1/projects/roi-takeoff-user95/global/urlMaps/engineering-handbook-lb"
                        },
                        "meta": {
                            "schema_version": 0
                        },
                        "tainted": false
                    },
                    "deposed": [],
                    "provider": "provider.google"
                }
            },
            "depends_on": []
        }
    ]
}
