{
    "version": 3,
    "terraform_version": "0.12.31",
    "serial": 1,
    "lineage": "fe427284-63b6-e22f-944b-a018c5566294",
    "modules": [
        {
            "path": [
                "root"
            ],
            "outputs": {
                "google_project_iam_member_tfer--organizations-002F-402794363074-002F-roles-002F-roitostudentaccessuser-003A-touser95-0040-roigcp-002E-com_id": {
                    "sensitive": false,
                    "type": "string",
                    "value": "organizations/402794363074/roles/roitostudentaccessuser:touser95@roigcp.com"
                },
                "google_project_iam_member_tfer--roles-002F-cloudbuild-002E-builds-002E-builderserviceAccount-003A-439071811037-0040-cloudbuild-002E-gserviceaccount-002E-com_id": {
                    "sensitive": false,
                    "type": "string",
                    "value": "roles/cloudbuild.builds.builderserviceAccount:439071811037@cloudbuild.gserviceaccount.com"
                },
                "google_project_iam_member_tfer--roles-002F-cloudbuild-002E-serviceAgentserviceAccount-003A-service-002D-439071811037-0040-gcp-002D-sa-002D-cloudbuild-002E-iam-002E-gserviceaccount-002E-com_id": {
                    "sensitive": false,
                    "type": "string",
                    "value": "roles/cloudbuild.serviceAgentserviceAccount:service-439071811037@gcp-sa-cloudbuild.iam.gserviceaccount.com"
                },
                "google_project_iam_member_tfer--roles-002F-cloudfunctions-002E-serviceAgentserviceAccount-003A-service-002D-439071811037-0040-gcf-002D-admin-002D-robot-002E-iam-002E-gserviceaccount-002E-com_id": {
                    "sensitive": false,
                    "type": "string",
                    "value": "roles/cloudfunctions.serviceAgentserviceAccount:service-439071811037@gcf-admin-robot.iam.gserviceaccount.com"
                },
                "google_project_iam_member_tfer--roles-002F-cloudscheduler-002E-serviceAgentserviceAccount-003A-service-002D-439071811037-0040-gcp-002D-sa-002D-cloudscheduler-002E-iam-002E-gserviceaccount-002E-com_id": {
                    "sensitive": false,
                    "type": "string",
                    "value": "roles/cloudscheduler.serviceAgentserviceAccount:service-439071811037@gcp-sa-cloudscheduler.iam.gserviceaccount.com"
                },
                "google_project_iam_member_tfer--roles-002F-compute-002E-serviceAgentserviceAccount-003A-service-002D-439071811037-0040-compute-002D-system-002E-iam-002E-gserviceaccount-002E-com_id": {
                    "sensitive": false,
                    "type": "string",
                    "value": "roles/compute.serviceAgentserviceAccount:service-439071811037@compute-system.iam.gserviceaccount.com"
                },
                "google_project_iam_member_tfer--roles-002F-container-002E-serviceAgentserviceAccount-003A-service-002D-439071811037-0040-container-002D-engine-002D-robot-002E-iam-002E-gserviceaccount-002E-com_id": {
                    "sensitive": false,
                    "type": "string",
                    "value": "roles/container.serviceAgentserviceAccount:service-439071811037@container-engine-robot.iam.gserviceaccount.com"
                },
                "google_project_iam_member_tfer--roles-002F-containerregistry-002E-ServiceAgentserviceAccount-003A-service-002D-439071811037-0040-containerregistry-002E-iam-002E-gserviceaccount-002E-com_id": {
                    "sensitive": false,
                    "type": "string",
                    "value": "roles/containerregistry.ServiceAgentserviceAccount:service-439071811037@containerregistry.iam.gserviceaccount.com"
                },
                "google_project_iam_member_tfer--roles-002F-dataproc-002E-serviceAgentserviceAccount-003A-service-002D-439071811037-0040-dataproc-002D-accounts-002E-iam-002E-gserviceaccount-002E-com_id": {
                    "sensitive": false,
                    "type": "string",
                    "value": "roles/dataproc.serviceAgentserviceAccount:service-439071811037@dataproc-accounts.iam.gserviceaccount.com"
                },
                "google_project_iam_member_tfer--roles-002F-datastore-002E-owneruser-003A-touser95-0040-roigcp-002E-com_id": {
                    "sensitive": false,
                    "type": "string",
                    "value": "roles/datastore.owneruser:touser95@roigcp.com"
                },
                "google_project_iam_member_tfer--roles-002F-editorserviceAccount-003A-439071811037-002D-compute-0040-developer-002E-gserviceaccount-002E-com_id": {
                    "sensitive": false,
                    "type": "string",
                    "value": "roles/editorserviceAccount:439071811037-compute@developer.gserviceaccount.com"
                },
                "google_project_iam_member_tfer--roles-002F-editorserviceAccount-003A-439071811037-0040-cloudservices-002E-gserviceaccount-002E-com_id": {
                    "sensitive": false,
                    "type": "string",
                    "value": "roles/editorserviceAccount:439071811037@cloudservices.gserviceaccount.com"
                },
                "google_project_iam_member_tfer--roles-002F-editorserviceAccount-003A-roi-002D-takeoff-002D-user95-0040-appspot-002E-gserviceaccount-002E-com_id": {
                    "sensitive": false,
                    "type": "string",
                    "value": "roles/editorserviceAccount:roi-takeoff-user95@appspot.gserviceaccount.com"
                },
                "google_project_iam_member_tfer--roles-002F-editoruser-003A-touser95-0040-roigcp-002E-com_id": {
                    "sensitive": false,
                    "type": "string",
                    "value": "roles/editoruser:touser95@roigcp.com"
                },
                "google_project_iam_member_tfer--roles-002F-memcache-002E-serviceAgentserviceAccount-003A-service-002D-439071811037-0040-cloud-002D-memcache-002D-sa-002E-iam-002E-gserviceaccount-002E-com_id": {
                    "sensitive": false,
                    "type": "string",
                    "value": "roles/memcache.serviceAgentserviceAccount:service-439071811037@cloud-memcache-sa.iam.gserviceaccount.com"
                },
                "google_project_iam_member_tfer--roles-002F-monitoring-002E-adminuser-003A-touser95-0040-roigcp-002E-com_id": {
                    "sensitive": false,
                    "type": "string",
                    "value": "roles/monitoring.adminuser:touser95@roigcp.com"
                },
                "google_project_iam_member_tfer--roles-002F-owneruser-003A-grant-002E-a-002E-moyle-0040-roitraining-002E-com_id": {
                    "sensitive": false,
                    "type": "string",
                    "value": "roles/owneruser:grant.a.moyle@roitraining.com"
                },
                "google_project_iam_member_tfer--roles-002F-pubsub-002E-serviceAgentserviceAccount-003A-service-002D-439071811037-0040-gcp-002D-sa-002D-pubsub-002E-iam-002E-gserviceaccount-002E-com_id": {
                    "sensitive": false,
                    "type": "string",
                    "value": "roles/pubsub.serviceAgentserviceAccount:service-439071811037@gcp-sa-pubsub.iam.gserviceaccount.com"
                },
                "google_project_iam_member_tfer--roles-002F-redis-002E-serviceAgentserviceAccount-003A-service-002D-439071811037-0040-cloud-002D-redis-002E-iam-002E-gserviceaccount-002E-com_id": {
                    "sensitive": false,
                    "type": "string",
                    "value": "roles/redis.serviceAgentserviceAccount:service-439071811037@cloud-redis.iam.gserviceaccount.com"
                },
                "google_project_iam_member_tfer--roles-002F-storage-002E-objectAdminuser-003A-touser95-0040-roigcp-002E-com_id": {
                    "sensitive": false,
                    "type": "string",
                    "value": "roles/storage.objectAdminuser:touser95@roigcp.com"
                },
                "google_project_iam_member_tfer--roles-002F-storage-002E-objectVieweruser-003A-omer-002E-khan-0040-takeoff-002E-com_id": {
                    "sensitive": false,
                    "type": "string",
                    "value": "roles/storage.objectVieweruser:omer.khan@takeoff.com"
                },
                "google_project_iam_member_tfer--roles-002F-storage-002E-objectVieweruser-003A-touser95-0040-roigcp-002E-com_id": {
                    "sensitive": false,
                    "type": "string",
                    "value": "roles/storage.objectVieweruser:touser95@roigcp.com"
                },
                "google_service_account_tfer--106286441069987933909_id": {
                    "sensitive": false,
                    "type": "string",
                    "value": "projects/roi-takeoff-user95/serviceAccounts/roi-takeoff-user95@appspot.gserviceaccount.com"
                }
            },
            "resources": {
                "google_project_iam_member.tfer--organizations-002F-402794363074-002F-roles-002F-roitostudentaccessuser-003A-touser95-0040-roigcp-002E-com": {
                    "type": "google_project_iam_member",
                    "depends_on": [],
                    "primary": {
                        "id": "organizations/402794363074/roles/roitostudentaccessuser:touser95@roigcp.com",
                        "attributes": {
                            "condition.#": "0",
                            "etag": "BwXNLbVD1Wo=",
                            "id": "organizations/402794363074/roles/roitostudentaccessuser:touser95@roigcp.com",
                            "member": "user:touser95@roigcp.com",
                            "project": "roi-takeoff-user95",
                            "role": "organizations/402794363074/roles/roitostudentaccess"
                        },
                        "meta": {
                            "schema_version": 0
                        },
                        "tainted": false
                    },
                    "deposed": [],
                    "provider": "provider.google"
                },
                "google_project_iam_member.tfer--roles-002F-cloudbuild-002E-builds-002E-builderserviceAccount-003A-439071811037-0040-cloudbuild-002E-gserviceaccount-002E-com": {
                    "type": "google_project_iam_member",
                    "depends_on": [],
                    "primary": {
                        "id": "roles/cloudbuild.builds.builderserviceAccount:439071811037@cloudbuild.gserviceaccount.com",
                        "attributes": {
                            "condition.#": "0",
                            "etag": "BwXNLbVD1Wo=",
                            "id": "roles/cloudbuild.builds.builderserviceAccount:439071811037@cloudbuild.gserviceaccount.com",
                            "member": "serviceAccount:439071811037@cloudbuild.gserviceaccount.com",
                            "project": "roi-takeoff-user95",
                            "role": "roles/cloudbuild.builds.builder"
                        },
                        "meta": {
                            "schema_version": 0
                        },
                        "tainted": false
                    },
                    "deposed": [],
                    "provider": "provider.google"
                },
                "google_project_iam_member.tfer--roles-002F-cloudbuild-002E-serviceAgentserviceAccount-003A-service-002D-439071811037-0040-gcp-002D-sa-002D-cloudbuild-002E-iam-002E-gserviceaccount-002E-com": {
                    "type": "google_project_iam_member",
                    "depends_on": [],
                    "primary": {
                        "id": "roles/cloudbuild.serviceAgentserviceAccount:service-439071811037@gcp-sa-cloudbuild.iam.gserviceaccount.com",
                        "attributes": {
                            "condition.#": "0",
                            "etag": "BwXNLbVD1Wo=",
                            "id": "roles/cloudbuild.serviceAgentserviceAccount:service-439071811037@gcp-sa-cloudbuild.iam.gserviceaccount.com",
                            "member": "serviceAccount:service-439071811037@gcp-sa-cloudbuild.iam.gserviceaccount.com",
                            "project": "roi-takeoff-user95",
                            "role": "roles/cloudbuild.serviceAgent"
                        },
                        "meta": {
                            "schema_version": 0
                        },
                        "tainted": false
                    },
                    "deposed": [],
                    "provider": "provider.google"
                },
                "google_project_iam_member.tfer--roles-002F-cloudfunctions-002E-serviceAgentserviceAccount-003A-service-002D-439071811037-0040-gcf-002D-admin-002D-robot-002E-iam-002E-gserviceaccount-002E-com": {
                    "type": "google_project_iam_member",
                    "depends_on": [],
                    "primary": {
                        "id": "roles/cloudfunctions.serviceAgentserviceAccount:service-439071811037@gcf-admin-robot.iam.gserviceaccount.com",
                        "attributes": {
                            "condition.#": "0",
                            "etag": "BwXNLbVD1Wo=",
                            "id": "roles/cloudfunctions.serviceAgentserviceAccount:service-439071811037@gcf-admin-robot.iam.gserviceaccount.com",
                            "member": "serviceAccount:service-439071811037@gcf-admin-robot.iam.gserviceaccount.com",
                            "project": "roi-takeoff-user95",
                            "role": "roles/cloudfunctions.serviceAgent"
                        },
                        "meta": {
                            "schema_version": 0
                        },
                        "tainted": false
                    },
                    "deposed": [],
                    "provider": "provider.google"
                },
                "google_project_iam_member.tfer--roles-002F-cloudscheduler-002E-serviceAgentserviceAccount-003A-service-002D-439071811037-0040-gcp-002D-sa-002D-cloudscheduler-002E-iam-002E-gserviceaccount-002E-com": {
                    "type": "google_project_iam_member",
                    "depends_on": [],
                    "primary": {
                        "id": "roles/cloudscheduler.serviceAgentserviceAccount:service-439071811037@gcp-sa-cloudscheduler.iam.gserviceaccount.com",
                        "attributes": {
                            "condition.#": "0",
                            "etag": "BwXNLbVD1Wo=",
                            "id": "roles/cloudscheduler.serviceAgentserviceAccount:service-439071811037@gcp-sa-cloudscheduler.iam.gserviceaccount.com",
                            "member": "serviceAccount:service-439071811037@gcp-sa-cloudscheduler.iam.gserviceaccount.com",
                            "project": "roi-takeoff-user95",
                            "role": "roles/cloudscheduler.serviceAgent"
                        },
                        "meta": {
                            "schema_version": 0
                        },
                        "tainted": false
                    },
                    "deposed": [],
                    "provider": "provider.google"
                },
                "google_project_iam_member.tfer--roles-002F-compute-002E-serviceAgentserviceAccount-003A-service-002D-439071811037-0040-compute-002D-system-002E-iam-002E-gserviceaccount-002E-com": {
                    "type": "google_project_iam_member",
                    "depends_on": [],
                    "primary": {
                        "id": "roles/compute.serviceAgentserviceAccount:service-439071811037@compute-system.iam.gserviceaccount.com",
                        "attributes": {
                            "condition.#": "0",
                            "etag": "BwXNLbVD1Wo=",
                            "id": "roles/compute.serviceAgentserviceAccount:service-439071811037@compute-system.iam.gserviceaccount.com",
                            "member": "serviceAccount:service-439071811037@compute-system.iam.gserviceaccount.com",
                            "project": "roi-takeoff-user95",
                            "role": "roles/compute.serviceAgent"
                        },
                        "meta": {
                            "schema_version": 0
                        },
                        "tainted": false
                    },
                    "deposed": [],
                    "provider": "provider.google"
                },
                "google_project_iam_member.tfer--roles-002F-container-002E-serviceAgentserviceAccount-003A-service-002D-439071811037-0040-container-002D-engine-002D-robot-002E-iam-002E-gserviceaccount-002E-com": {
                    "type": "google_project_iam_member",
                    "depends_on": [],
                    "primary": {
                        "id": "roles/container.serviceAgentserviceAccount:service-439071811037@container-engine-robot.iam.gserviceaccount.com",
                        "attributes": {
                            "condition.#": "0",
                            "etag": "BwXNLbVD1Wo=",
                            "id": "roles/container.serviceAgentserviceAccount:service-439071811037@container-engine-robot.iam.gserviceaccount.com",
                            "member": "serviceAccount:service-439071811037@container-engine-robot.iam.gserviceaccount.com",
                            "project": "roi-takeoff-user95",
                            "role": "roles/container.serviceAgent"
                        },
                        "meta": {
                            "schema_version": 0
                        },
                        "tainted": false
                    },
                    "deposed": [],
                    "provider": "provider.google"
                },
                "google_project_iam_member.tfer--roles-002F-containerregistry-002E-ServiceAgentserviceAccount-003A-service-002D-439071811037-0040-containerregistry-002E-iam-002E-gserviceaccount-002E-com": {
                    "type": "google_project_iam_member",
                    "depends_on": [],
                    "primary": {
                        "id": "roles/containerregistry.ServiceAgentserviceAccount:service-439071811037@containerregistry.iam.gserviceaccount.com",
                        "attributes": {
                            "condition.#": "0",
                            "etag": "BwXNLbVD1Wo=",
                            "id": "roles/containerregistry.ServiceAgentserviceAccount:service-439071811037@containerregistry.iam.gserviceaccount.com",
                            "member": "serviceAccount:service-439071811037@containerregistry.iam.gserviceaccount.com",
                            "project": "roi-takeoff-user95",
                            "role": "roles/containerregistry.ServiceAgent"
                        },
                        "meta": {
                            "schema_version": 0
                        },
                        "tainted": false
                    },
                    "deposed": [],
                    "provider": "provider.google"
                },
                "google_project_iam_member.tfer--roles-002F-dataproc-002E-serviceAgentserviceAccount-003A-service-002D-439071811037-0040-dataproc-002D-accounts-002E-iam-002E-gserviceaccount-002E-com": {
                    "type": "google_project_iam_member",
                    "depends_on": [],
                    "primary": {
                        "id": "roles/dataproc.serviceAgentserviceAccount:service-439071811037@dataproc-accounts.iam.gserviceaccount.com",
                        "attributes": {
                            "condition.#": "0",
                            "etag": "BwXNLbVD1Wo=",
                            "id": "roles/dataproc.serviceAgentserviceAccount:service-439071811037@dataproc-accounts.iam.gserviceaccount.com",
                            "member": "serviceAccount:service-439071811037@dataproc-accounts.iam.gserviceaccount.com",
                            "project": "roi-takeoff-user95",
                            "role": "roles/dataproc.serviceAgent"
                        },
                        "meta": {
                            "schema_version": 0
                        },
                        "tainted": false
                    },
                    "deposed": [],
                    "provider": "provider.google"
                },
                "google_project_iam_member.tfer--roles-002F-datastore-002E-owneruser-003A-touser95-0040-roigcp-002E-com": {
                    "type": "google_project_iam_member",
                    "depends_on": [],
                    "primary": {
                        "id": "roles/datastore.owneruser:touser95@roigcp.com",
                        "attributes": {
                            "condition.#": "0",
                            "etag": "BwXNLbVD1Wo=",
                            "id": "roles/datastore.owneruser:touser95@roigcp.com",
                            "member": "user:touser95@roigcp.com",
                            "project": "roi-takeoff-user95",
                            "role": "roles/datastore.owner"
                        },
                        "meta": {
                            "schema_version": 0
                        },
                        "tainted": false
                    },
                    "deposed": [],
                    "provider": "provider.google"
                },
                "google_project_iam_member.tfer--roles-002F-editorserviceAccount-003A-439071811037-002D-compute-0040-developer-002E-gserviceaccount-002E-com": {
                    "type": "google_project_iam_member",
                    "depends_on": [],
                    "primary": {
                        "id": "roles/editorserviceAccount:439071811037-compute@developer.gserviceaccount.com",
                        "attributes": {
                            "condition.#": "0",
                            "etag": "BwXNLbVD1Wo=",
                            "id": "roles/editorserviceAccount:439071811037-compute@developer.gserviceaccount.com",
                            "member": "serviceAccount:439071811037-compute@developer.gserviceaccount.com",
                            "project": "roi-takeoff-user95",
                            "role": "roles/editor"
                        },
                        "meta": {
                            "schema_version": 0
                        },
                        "tainted": false
                    },
                    "deposed": [],
                    "provider": "provider.google"
                },
                "google_project_iam_member.tfer--roles-002F-editorserviceAccount-003A-439071811037-0040-cloudservices-002E-gserviceaccount-002E-com": {
                    "type": "google_project_iam_member",
                    "depends_on": [],
                    "primary": {
                        "id": "roles/editorserviceAccount:439071811037@cloudservices.gserviceaccount.com",
                        "attributes": {
                            "condition.#": "0",
                            "etag": "BwXNLbVD1Wo=",
                            "id": "roles/editorserviceAccount:439071811037@cloudservices.gserviceaccount.com",
                            "member": "serviceAccount:439071811037@cloudservices.gserviceaccount.com",
                            "project": "roi-takeoff-user95",
                            "role": "roles/editor"
                        },
                        "meta": {
                            "schema_version": 0
                        },
                        "tainted": false
                    },
                    "deposed": [],
                    "provider": "provider.google"
                },
                "google_project_iam_member.tfer--roles-002F-editorserviceAccount-003A-roi-002D-takeoff-002D-user95-0040-appspot-002E-gserviceaccount-002E-com": {
                    "type": "google_project_iam_member",
                    "depends_on": [],
                    "primary": {
                        "id": "roles/editorserviceAccount:roi-takeoff-user95@appspot.gserviceaccount.com",
                        "attributes": {
                            "condition.#": "0",
                            "etag": "BwXNLbVD1Wo=",
                            "id": "roles/editorserviceAccount:roi-takeoff-user95@appspot.gserviceaccount.com",
                            "member": "serviceAccount:roi-takeoff-user95@appspot.gserviceaccount.com",
                            "project": "roi-takeoff-user95",
                            "role": "roles/editor"
                        },
                        "meta": {
                            "schema_version": 0
                        },
                        "tainted": false
                    },
                    "deposed": [],
                    "provider": "provider.google"
                },
                "google_project_iam_member.tfer--roles-002F-editoruser-003A-touser95-0040-roigcp-002E-com": {
                    "type": "google_project_iam_member",
                    "depends_on": [],
                    "primary": {
                        "id": "roles/editoruser:touser95@roigcp.com",
                        "attributes": {
                            "condition.#": "0",
                            "etag": "BwXNLbVD1Wo=",
                            "id": "roles/editoruser:touser95@roigcp.com",
                            "member": "user:touser95@roigcp.com",
                            "project": "roi-takeoff-user95",
                            "role": "roles/editor"
                        },
                        "meta": {
                            "schema_version": 0
                        },
                        "tainted": false
                    },
                    "deposed": [],
                    "provider": "provider.google"
                },
                "google_project_iam_member.tfer--roles-002F-memcache-002E-serviceAgentserviceAccount-003A-service-002D-439071811037-0040-cloud-002D-memcache-002D-sa-002E-iam-002E-gserviceaccount-002E-com": {
                    "type": "google_project_iam_member",
                    "depends_on": [],
                    "primary": {
                        "id": "roles/memcache.serviceAgentserviceAccount:service-439071811037@cloud-memcache-sa.iam.gserviceaccount.com",
                        "attributes": {
                            "condition.#": "0",
                            "etag": "BwXNLbVD1Wo=",
                            "id": "roles/memcache.serviceAgentserviceAccount:service-439071811037@cloud-memcache-sa.iam.gserviceaccount.com",
                            "member": "serviceAccount:service-439071811037@cloud-memcache-sa.iam.gserviceaccount.com",
                            "project": "roi-takeoff-user95",
                            "role": "roles/memcache.serviceAgent"
                        },
                        "meta": {
                            "schema_version": 0
                        },
                        "tainted": false
                    },
                    "deposed": [],
                    "provider": "provider.google"
                },
                "google_project_iam_member.tfer--roles-002F-monitoring-002E-adminuser-003A-touser95-0040-roigcp-002E-com": {
                    "type": "google_project_iam_member",
                    "depends_on": [],
                    "primary": {
                        "id": "roles/monitoring.adminuser:touser95@roigcp.com",
                        "attributes": {
                            "condition.#": "0",
                            "etag": "BwXNLbVD1Wo=",
                            "id": "roles/monitoring.adminuser:touser95@roigcp.com",
                            "member": "user:touser95@roigcp.com",
                            "project": "roi-takeoff-user95",
                            "role": "roles/monitoring.admin"
                        },
                        "meta": {
                            "schema_version": 0
                        },
                        "tainted": false
                    },
                    "deposed": [],
                    "provider": "provider.google"
                },
                "google_project_iam_member.tfer--roles-002F-owneruser-003A-grant-002E-a-002E-moyle-0040-roitraining-002E-com": {
                    "type": "google_project_iam_member",
                    "depends_on": [],
                    "primary": {
                        "id": "roles/owneruser:grant.a.moyle@roitraining.com",
                        "attributes": {
                            "condition.#": "0",
                            "etag": "BwXNLbVD1Wo=",
                            "id": "roles/owneruser:grant.a.moyle@roitraining.com",
                            "member": "user:grant.a.moyle@roitraining.com",
                            "project": "roi-takeoff-user95",
                            "role": "roles/owner"
                        },
                        "meta": {
                            "schema_version": 0
                        },
                        "tainted": false
                    },
                    "deposed": [],
                    "provider": "provider.google"
                },
                "google_project_iam_member.tfer--roles-002F-pubsub-002E-serviceAgentserviceAccount-003A-service-002D-439071811037-0040-gcp-002D-sa-002D-pubsub-002E-iam-002E-gserviceaccount-002E-com": {
                    "type": "google_project_iam_member",
                    "depends_on": [],
                    "primary": {
                        "id": "roles/pubsub.serviceAgentserviceAccount:service-439071811037@gcp-sa-pubsub.iam.gserviceaccount.com",
                        "attributes": {
                            "condition.#": "0",
                            "etag": "BwXNLbVD1Wo=",
                            "id": "roles/pubsub.serviceAgentserviceAccount:service-439071811037@gcp-sa-pubsub.iam.gserviceaccount.com",
                            "member": "serviceAccount:service-439071811037@gcp-sa-pubsub.iam.gserviceaccount.com",
                            "project": "roi-takeoff-user95",
                            "role": "roles/pubsub.serviceAgent"
                        },
                        "meta": {
                            "schema_version": 0
                        },
                        "tainted": false
                    },
                    "deposed": [],
                    "provider": "provider.google"
                },
                "google_project_iam_member.tfer--roles-002F-redis-002E-serviceAgentserviceAccount-003A-service-002D-439071811037-0040-cloud-002D-redis-002E-iam-002E-gserviceaccount-002E-com": {
                    "type": "google_project_iam_member",
                    "depends_on": [],
                    "primary": {
                        "id": "roles/redis.serviceAgentserviceAccount:service-439071811037@cloud-redis.iam.gserviceaccount.com",
                        "attributes": {
                            "condition.#": "0",
                            "etag": "BwXNLbVD1Wo=",
                            "id": "roles/redis.serviceAgentserviceAccount:service-439071811037@cloud-redis.iam.gserviceaccount.com",
                            "member": "serviceAccount:service-439071811037@cloud-redis.iam.gserviceaccount.com",
                            "project": "roi-takeoff-user95",
                            "role": "roles/redis.serviceAgent"
                        },
                        "meta": {
                            "schema_version": 0
                        },
                        "tainted": false
                    },
                    "deposed": [],
                    "provider": "provider.google"
                },
                "google_project_iam_member.tfer--roles-002F-storage-002E-objectAdminuser-003A-touser95-0040-roigcp-002E-com": {
                    "type": "google_project_iam_member",
                    "depends_on": [],
                    "primary": {
                        "id": "roles/storage.objectAdminuser:touser95@roigcp.com",
                        "attributes": {
                            "condition.#": "0",
                            "etag": "BwXNLbVD1Wo=",
                            "id": "roles/storage.objectAdminuser:touser95@roigcp.com",
                            "member": "user:touser95@roigcp.com",
                            "project": "roi-takeoff-user95",
                            "role": "roles/storage.objectAdmin"
                        },
                        "meta": {
                            "schema_version": 0
                        },
                        "tainted": false
                    },
                    "deposed": [],
                    "provider": "provider.google"
                },
                "google_project_iam_member.tfer--roles-002F-storage-002E-objectVieweruser-003A-omer-002E-khan-0040-takeoff-002E-com": {
                    "type": "google_project_iam_member",
                    "depends_on": [],
                    "primary": {
                        "id": "roles/storage.objectVieweruser:omer.khan@takeoff.com",
                        "attributes": {
                            "condition.#": "0",
                            "etag": "BwXNLbVD1Wo=",
                            "id": "roles/storage.objectVieweruser:omer.khan@takeoff.com",
                            "member": "user:omer.khan@takeoff.com",
                            "project": "roi-takeoff-user95",
                            "role": "roles/storage.objectViewer"
                        },
                        "meta": {
                            "schema_version": 0
                        },
                        "tainted": false
                    },
                    "deposed": [],
                    "provider": "provider.google"
                },
                "google_project_iam_member.tfer--roles-002F-storage-002E-objectVieweruser-003A-touser95-0040-roigcp-002E-com": {
                    "type": "google_project_iam_member",
                    "depends_on": [],
                    "primary": {
                        "id": "roles/storage.objectVieweruser:touser95@roigcp.com",
                        "attributes": {
                            "condition.#": "0",
                            "etag": "BwXNLbVD1Wo=",
                            "id": "roles/storage.objectVieweruser:touser95@roigcp.com",
                            "member": "user:touser95@roigcp.com",
                            "project": "roi-takeoff-user95",
                            "role": "roles/storage.objectViewer"
                        },
                        "meta": {
                            "schema_version": 0
                        },
                        "tainted": false
                    },
                    "deposed": [],
                    "provider": "provider.google"
                },
                "google_service_account.tfer--106286441069987933909": {
                    "type": "google_service_account",
                    "depends_on": [],
                    "primary": {
                        "id": "projects/roi-takeoff-user95/serviceAccounts/roi-takeoff-user95@appspot.gserviceaccount.com",
                        "attributes": {
                            "account_id": "roi-takeoff-user95",
                            "description": "",
                            "disabled": "false",
                            "display_name": "App Engine default service account",
                            "email": "roi-takeoff-user95@appspot.gserviceaccount.com",
                            "id": "projects/roi-takeoff-user95/serviceAccounts/roi-takeoff-user95@appspot.gserviceaccount.com",
                            "name": "projects/roi-takeoff-user95/serviceAccounts/roi-takeoff-user95@appspot.gserviceaccount.com",
                            "project": "roi-takeoff-user95",
                            "unique_id": "106286441069987933909"
                        },
                        "meta": {
                            "schema_version": 0
                        },
                        "tainted": false
                    },
                    "deposed": [],
                    "provider": "provider.google"
                }
            },
            "depends_on": []
        }
    ]
}
