{
    "version": 3,
    "terraform_version": "0.12.31",
    "serial": 1,
    "lineage": "ad32b6b0-2f01-c429-9a8c-4bff5cd573c3",
    "modules": [
        {
            "path": [
                "root"
            ],
            "outputs": {
                "google_compute_target_http_proxy_tfer--engineering-002D-handbook-002D-lb-002D-target-002D-proxy_self_link": {
                    "sensitive": false,
                    "type": "string",
                    "value": "https://www.googleapis.com/compute/v1/projects/roi-takeoff-user95/global/targetHttpProxies/engineering-handbook-lb-target-proxy"
                }
            },
            "resources": {
                "google_compute_target_http_proxy.tfer--engineering-002D-handbook-002D-lb-002D-target-002D-proxy": {
                    "type": "google_compute_target_http_proxy",
                    "depends_on": [],
                    "primary": {
                        "id": "engineering-handbook-lb-target-proxy",
                        "attributes": {
                            "creation_timestamp": "2021-09-29T15:31:06.436-07:00",
                            "description": "",
                            "id": "engineering-handbook-lb-target-proxy",
                            "name": "engineering-handbook-lb-target-proxy",
                            "project": "roi-takeoff-user95",
                            "proxy_bind": "false",
                            "proxy_id": "4328315701639600069",
                            "self_link": "https://www.googleapis.com/compute/v1/projects/roi-takeoff-user95/global/targetHttpProxies/engineering-handbook-lb-target-proxy",
                            "url_map": "https://www.googleapis.com/compute/v1/projects/roi-takeoff-user95/global/urlMaps/engineering-handbook-lb"
                        },
                        "meta": {
                            "schema_version": 0
                        },
                        "tainted": false
                    },
                    "deposed": [],
                    "provider": "provider.google"
                }
            },
            "depends_on": []
        }
    ]
}
